
Microsoft Visual Studio Solution File, Format Version 12.00
# Visual Studio Version 17
VisualStudioVersion = 17.10.35013.160
MinimumVisualStudioVersion = 10.0.40219.1
Project("{FAE04EC0-301F-11D3-BF4B-00C04F79EFBC}") = "WeatherApp", "WeatherApp\WeatherApp.csproj", "{8D1DF667-CEBC-42D0-B8E3-C32AB97DD077}"
EndProject
Global
	GlobalSection(SolutionConfigurationPlatforms) = preSolution
		Debug|Any CPU = Debug|Any CPU
		Release|Any CPU = Release|Any CPU
	EndGlobalSection
	GlobalSection(ProjectConfigurationPlatforms) = postSolution
		{8D1DF667-CEBC-42D0-B8E3-C32AB97DD077}.Debug|Any CPU.ActiveCfg = Debug|Any CPU
		{8D1DF667-CEBC-42D0-B8E3-C32AB97DD077}.Debug|Any CPU.Build.0 = Debug|Any CPU
		{8D1DF667-CEBC-42D0-B8E3-C32AB97DD077}.Release|Any CPU.ActiveCfg = Release|Any CPU
		{8D1DF667-CEBC-42D0-B8E3-C32AB97DD077}.Release|Any CPU.Build.0 = Release|Any CPU
	EndGlobalSection
	GlobalSection(SolutionProperties) = preSolution
		HideSolutionNode = FALSE
	EndGlobalSection
	GlobalSection(ExtensibilityGlobals) = postSolution
		SolutionGuid = {792E8CDE-CEE8-4EA2-9DA0-2F40A34DCAFE}
	EndGlobalSection
EndGlobal
